
Microsoft Visual Studio Solution File, Format Version 12.00
# Visual Studio Version 17
VisualStudioVersion = 17.9.34714.143
MinimumVisualStudioVersion = 10.0.40219.1
Project("{FAE04EC0-301F-11D3-BF4B-00C04F79EFBC}") = "Tom", "Tom\Tom.csproj", "{9415CBD6-6215-4209-BCAB-291A22BFB77D}"
EndProject
Global
	GlobalSection(SolutionConfigurationPlatforms) = preSolution
		Debug|Any CPU = Debug|Any CPU
		Release|Any CPU = Release|Any CPU
	EndGlobalSection
	GlobalSection(ProjectConfigurationPlatforms) = postSolution
		{9415CBD6-6215-4209-BCAB-291A22BFB77D}.Debug|Any CPU.ActiveCfg = Debug|Any CPU
		{9415CBD6-6215-4209-BCAB-291A22BFB77D}.Debug|Any CPU.Build.0 = Debug|Any CPU
		{9415CBD6-6215-4209-BCAB-291A22BFB77D}.Release|Any CPU.ActiveCfg = Release|Any CPU
		{9415CBD6-6215-4209-BCAB-291A22BFB77D}.Release|Any CPU.Build.0 = Release|Any CPU
	EndGlobalSection
	GlobalSection(SolutionProperties) = preSolution
		HideSolutionNode = FALSE
	EndGlobalSection
	GlobalSection(ExtensibilityGlobals) = postSolution
		SolutionGuid = {1F3D0C32-3F35-4439-BD53-B1FF990A4A20}
	EndGlobalSection
EndGlobal
